
Microsoft Visual Studio Solution File, Format Version 12.00
# Visual Studio 15
VisualStudioVersion = 15.0.25807.0
MinimumVisualStudioVersion = 10.0.40219.1
Project("{2150E333-8FDC-42A3-9474-1A3956D46DE8}") = "Engine", "Engine", "{0C7EF87C-5526-4DF7-90C3-EF92E7D27EFE}"
EndProject
Project("{2150E333-8FDC-42A3-9474-1A3956D46DE8}") = "Games", "Games", "{9C4A1791-CDD3-43F2-9933-5F86FFC25402}"
EndProject
Project("{8BC9CEB8-8B4A-11D0-8D11-00A0C91BC942}") = "UE4", "Intermediate\ProjectFiles\UE4.vcxproj", "{3CF73AA5-5817-410B-BFE6-3F0595D9B379}"
EndProject
Project("{8BC9CEB8-8B4A-11D0-8D11-00A0C91BC942}") = "BuildingEscape", "Intermediate\ProjectFiles\BuildingEscape.vcxproj", "{5FE8B63F-ADD9-4F4C-8656-2F0B474E018A}"
EndProject
Global
	GlobalSection(SolutionConfigurationPlatforms) = preSolution
		DebugGame Editor|HTML5 = DebugGame Editor|HTML5
		DebugGame Editor|Win32 = DebugGame Editor|Win32
		DebugGame Editor|Win64 = DebugGame Editor|Win64
		DebugGame|HTML5 = DebugGame|HTML5
		DebugGame|Win32 = DebugGame|Win32
		DebugGame|Win64 = DebugGame|Win64
		Development Editor|HTML5 = Development Editor|HTML5
		Development Editor|Win32 = Development Editor|Win32
		Development Editor|Win64 = Development Editor|Win64
		Development|HTML5 = Development|HTML5
		Development|Win32 = Development|Win32
		Development|Win64 = Development|Win64
		Shipping|HTML5 = Shipping|HTML5
		Shipping|Win32 = Shipping|Win32
		Shipping|Win64 = Shipping|Win64
	EndGlobalSection
	GlobalSection(ProjectConfigurationPlatforms) = postSolution
		{3CF73AA5-5817-410B-BFE6-3F0595D9B379}.DebugGame Editor|HTML5.ActiveCfg = BuiltWithUnrealBuildTool|Win32
		{3CF73AA5-5817-410B-BFE6-3F0595D9B379}.DebugGame Editor|HTML5.Build.0 = BuiltWithUnrealBuildTool|Win32
		{3CF73AA5-5817-410B-BFE6-3F0595D9B379}.DebugGame Editor|Win32.ActiveCfg = BuiltWithUnrealBuildTool|Win32
		{3CF73AA5-5817-410B-BFE6-3F0595D9B379}.DebugGame Editor|Win32.Build.0 = BuiltWithUnrealBuildTool|Win32
		{3CF73AA5-5817-410B-BFE6-3F0595D9B379}.DebugGame Editor|Win64.ActiveCfg = BuiltWithUnrealBuildTool|Win32
		{3CF73AA5-5817-410B-BFE6-3F0595D9B379}.DebugGame Editor|Win64.Build.0 = BuiltWithUnrealBuildTool|Win32
		{3CF73AA5-5817-410B-BFE6-3F0595D9B379}.DebugGame|HTML5.ActiveCfg = BuiltWithUnrealBuildTool|Win32
		{3CF73AA5-5817-410B-BFE6-3F0595D9B379}.DebugGame|HTML5.Build.0 = BuiltWithUnrealBuildTool|Win32
		{3CF73AA5-5817-410B-BFE6-3F0595D9B379}.DebugGame|Win32.ActiveCfg = BuiltWithUnrealBuildTool|Win32
		{3CF73AA5-5817-410B-BFE6-3F0595D9B379}.DebugGame|Win32.Build.0 = BuiltWithUnrealBuildTool|Win32
		{3CF73AA5-5817-410B-BFE6-3F0595D9B379}.DebugGame|Win64.ActiveCfg = BuiltWithUnrealBuildTool|Win32
		{3CF73AA5-5817-410B-BFE6-3F0595D9B379}.DebugGame|Win64.Build.0 = BuiltWithUnrealBuildTool|Win32
		{3CF73AA5-5817-410B-BFE6-3F0595D9B379}.Development Editor|HTML5.ActiveCfg = BuiltWithUnrealBuildTool|Win32
		{3CF73AA5-5817-410B-BFE6-3F0595D9B379}.Development Editor|HTML5.Build.0 = BuiltWithUnrealBuildTool|Win32
		{3CF73AA5-5817-410B-BFE6-3F0595D9B379}.Development Editor|Win32.ActiveCfg = BuiltWithUnrealBuildTool|Win32
		{3CF73AA5-5817-410B-BFE6-3F0595D9B379}.Development Editor|Win32.Build.0 = BuiltWithUnrealBuildTool|Win32
		{3CF73AA5-5817-410B-BFE6-3F0595D9B379}.Development Editor|Win64.ActiveCfg = BuiltWithUnrealBuildTool|Win32
		{3CF73AA5-5817-410B-BFE6-3F0595D9B379}.Development Editor|Win64.Build.0 = BuiltWithUnrealBuildTool|Win32
		{3CF73AA5-5817-410B-BFE6-3F0595D9B379}.Development|HTML5.ActiveCfg = BuiltWithUnrealBuildTool|Win32
		{3CF73AA5-5817-410B-BFE6-3F0595D9B379}.Development|HTML5.Build.0 = BuiltWithUnrealBuildTool|Win32
		{3CF73AA5-5817-410B-BFE6-3F0595D9B379}.Development|Win32.ActiveCfg = BuiltWithUnrealBuildTool|Win32
		{3CF73AA5-5817-410B-BFE6-3F0595D9B379}.Development|Win32.Build.0 = BuiltWithUnrealBuildTool|Win32
		{3CF73AA5-5817-410B-BFE6-3F0595D9B379}.Development|Win64.ActiveCfg = BuiltWithUnrealBuildTool|Win32
		{3CF73AA5-5817-410B-BFE6-3F0595D9B379}.Development|Win64.Build.0 = BuiltWithUnrealBuildTool|Win32
		{3CF73AA5-5817-410B-BFE6-3F0595D9B379}.Shipping|HTML5.ActiveCfg = BuiltWithUnrealBuildTool|Win32
		{3CF73AA5-5817-410B-BFE6-3F0595D9B379}.Shipping|HTML5.Build.0 = BuiltWithUnrealBuildTool|Win32
		{3CF73AA5-5817-410B-BFE6-3F0595D9B379}.Shipping|Win32.ActiveCfg = BuiltWithUnrealBuildTool|Win32
		{3CF73AA5-5817-410B-BFE6-3F0595D9B379}.Shipping|Win32.Build.0 = BuiltWithUnrealBuildTool|Win32
		{3CF73AA5-5817-410B-BFE6-3F0595D9B379}.Shipping|Win64.ActiveCfg = BuiltWithUnrealBuildTool|Win32
		{3CF73AA5-5817-410B-BFE6-3F0595D9B379}.Shipping|Win64.Build.0 = BuiltWithUnrealBuildTool|Win32
		{5FE8B63F-ADD9-4F4C-8656-2F0B474E018A}.DebugGame Editor|HTML5.ActiveCfg = HTML5_DebugGame_Editor|Win32
		{5FE8B63F-ADD9-4F4C-8656-2F0B474E018A}.DebugGame Editor|Win32.ActiveCfg = DebugGame_Editor|Win32
		{5FE8B63F-ADD9-4F4C-8656-2F0B474E018A}.DebugGame Editor|Win64.ActiveCfg = DebugGame_Editor|x64
		{5FE8B63F-ADD9-4F4C-8656-2F0B474E018A}.DebugGame Editor|Win64.Build.0 = DebugGame_Editor|x64
		{5FE8B63F-ADD9-4F4C-8656-2F0B474E018A}.DebugGame|HTML5.ActiveCfg = HTML5_DebugGame_Game|Win32
		{5FE8B63F-ADD9-4F4C-8656-2F0B474E018A}.DebugGame|HTML5.Build.0 = HTML5_DebugGame_Game|Win32
		{5FE8B63F-ADD9-4F4C-8656-2F0B474E018A}.DebugGame|Win32.ActiveCfg = DebugGame_Game|Win32
		{5FE8B63F-ADD9-4F4C-8656-2F0B474E018A}.DebugGame|Win32.Build.0 = DebugGame_Game|Win32
		{5FE8B63F-ADD9-4F4C-8656-2F0B474E018A}.DebugGame|Win64.ActiveCfg = DebugGame_Game|x64
		{5FE8B63F-ADD9-4F4C-8656-2F0B474E018A}.DebugGame|Win64.Build.0 = DebugGame_Game|x64
		{5FE8B63F-ADD9-4F4C-8656-2F0B474E018A}.Development Editor|HTML5.ActiveCfg = HTML5_Development_Editor|Win32
		{5FE8B63F-ADD9-4F4C-8656-2F0B474E018A}.Development Editor|Win32.ActiveCfg = Development_Editor|Win32
		{5FE8B63F-ADD9-4F4C-8656-2F0B474E018A}.Development Editor|Win64.ActiveCfg = Development_Editor|x64
		{5FE8B63F-ADD9-4F4C-8656-2F0B474E018A}.Development Editor|Win64.Build.0 = Development_Editor|x64
		{5FE8B63F-ADD9-4F4C-8656-2F0B474E018A}.Development|HTML5.ActiveCfg = HTML5_Development_Game|Win32
		{5FE8B63F-ADD9-4F4C-8656-2F0B474E018A}.Development|HTML5.Build.0 = HTML5_Development_Game|Win32
		{5FE8B63F-ADD9-4F4C-8656-2F0B474E018A}.Development|Win32.ActiveCfg = Development_Game|Win32
		{5FE8B63F-ADD9-4F4C-8656-2F0B474E018A}.Development|Win32.Build.0 = Development_Game|Win32
		{5FE8B63F-ADD9-4F4C-8656-2F0B474E018A}.Development|Win64.ActiveCfg = Development_Game|x64
		{5FE8B63F-ADD9-4F4C-8656-2F0B474E018A}.Development|Win64.Build.0 = Development_Game|x64
		{5FE8B63F-ADD9-4F4C-8656-2F0B474E018A}.Shipping|HTML5.ActiveCfg = HTML5_Shipping_Game|Win32
		{5FE8B63F-ADD9-4F4C-8656-2F0B474E018A}.Shipping|HTML5.Build.0 = HTML5_Shipping_Game|Win32
		{5FE8B63F-ADD9-4F4C-8656-2F0B474E018A}.Shipping|Win32.ActiveCfg = Shipping_Game|Win32
		{5FE8B63F-ADD9-4F4C-8656-2F0B474E018A}.Shipping|Win32.Build.0 = Shipping_Game|Win32
		{5FE8B63F-ADD9-4F4C-8656-2F0B474E018A}.Shipping|Win64.ActiveCfg = Shipping_Game|x64
		{5FE8B63F-ADD9-4F4C-8656-2F0B474E018A}.Shipping|Win64.Build.0 = Shipping_Game|x64
	EndGlobalSection
	GlobalSection(SolutionProperties) = preSolution
		HideSolutionNode = FALSE
	EndGlobalSection
	GlobalSection(NestedProjects) = preSolution
		{3CF73AA5-5817-410B-BFE6-3F0595D9B379} = {0C7EF87C-5526-4DF7-90C3-EF92E7D27EFE}
		{5FE8B63F-ADD9-4F4C-8656-2F0B474E018A} = {9C4A1791-CDD3-43F2-9933-5F86FFC25402}
	EndGlobalSection
	GlobalSection(ExtensibilityGlobals) = postSolution
		SolutionGuid = {56B76FF3-22F5-4DDC-A550-ADD343E11B83}
	EndGlobalSection
EndGlobal
